Microsoft Visual Studio Solution File, Format Version 12.00
# Visual Studio Version 17
VisualStudioVersion = 17.13.35919.96
MinimumVisualStudioVersion = 10.0.40219.1
Project("{2150E333-8FDC-42A3-9474-1A3956D46DE8}") = "1.Presentaciones", "1.Presentaciones", "{02EA681E-C7D8-13C7-8484-4AC65E1B71E8}"
EndProject
Project("{2150E333-8FDC-42A3-9474-1A3956D46DE8}") = "2.Servicios", "2.Servicios", "{F48D4166-CD76-4070-B824-71E23A66B11C}"
EndProject
Project("{2150E333-8FDC-42A3-9474-1A3956D46DE8}") = "3.Nucleo", "3.Nucleo", "{686018E3-F652-400C-B99E-F6D6884C6750}"
EndProject
Project("{2150E333-8FDC-42A3-9474-1A3956D46DE8}") = "4.Pruebas Unitarias", "4.Pruebas Unitarias", "{8F3FCC45-CC24-413F-9988-CAC3867D24D9}"
EndProject
Project("{9A19103F-16F7-4668-BE54-9A1E7A4F7556}") = "lib_dominio", "lib_dominio\lib_dominio.csproj", "{ED96537C-6519-4671-AA31-DB905CF3BB0F}"
EndProject
Project("{9A19103F-16F7-4668-BE54-9A1E7A4F7556}") = "lib_repositorio", "lib_repositorio\lib_repositorio.csproj", "{9777D6D7-3D9C-42E1-836C-11FDEC406F15}"
EndProject
Project("{FAE04EC0-301F-11D3-BF4B-00C04F79EFBC}") = "ut_presentaciones", "ut_prueba\ut_presentaciones.csproj", "{278E24C8-7EF5-4CF0-B651-43FCDEB3FBBD}"
EndProject
Global
	GlobalSection(SolutionConfigurationPlatforms) = preSolution
		Debug|Any CPU = Debug|Any CPU
		Release|Any CPU = Release|Any CPU
	EndGlobalSection
	GlobalSection(ProjectConfigurationPlatforms) = postSolution
		{ED96537C-6519-4671-AA31-DB905CF3BB0F}.Debug|Any CPU.ActiveCfg = Debug|Any CPU
		{ED96537C-6519-4671-AA31-DB905CF3BB0F}.Debug|Any CPU.Build.0 = Debug|Any CPU
		{ED96537C-6519-4671-AA31-DB905CF3BB0F}.Release|Any CPU.ActiveCfg = Release|Any CPU
		{ED96537C-6519-4671-AA31-DB905CF3BB0F}.Release|Any CPU.Build.0 = Release|Any CPU
		{9777D6D7-3D9C-42E1-836C-11FDEC406F15}.Debug|Any CPU.ActiveCfg = Debug|Any CPU
		{9777D6D7-3D9C-42E1-836C-11FDEC406F15}.Debug|Any CPU.Build.0 = Debug|Any CPU
		{9777D6D7-3D9C-42E1-836C-11FDEC406F15}.Release|Any CPU.ActiveCfg = Release|Any CPU
		{9777D6D7-3D9C-42E1-836C-11FDEC406F15}.Release|Any CPU.Build.0 = Release|Any CPU
		{278E24C8-7EF5-4CF0-B651-43FCDEB3FBBD}.Debug|Any CPU.ActiveCfg = Debug|Any CPU
		{278E24C8-7EF5-4CF0-B651-43FCDEB3FBBD}.Debug|Any CPU.Build.0 = Debug|Any CPU
		{278E24C8-7EF5-4CF0-B651-43FCDEB3FBBD}.Release|Any CPU.ActiveCfg = Release|Any CPU
		{278E24C8-7EF5-4CF0-B651-43FCDEB3FBBD}.Release|Any CPU.Build.0 = Release|Any CPU
	EndGlobalSection
	GlobalSection(SolutionProperties) = preSolution
		HideSolutionNode = FALSE
	EndGlobalSection
	GlobalSection(NestedProjects) = preSolution
		{ED96537C-6519-4671-AA31-DB905CF3BB0F} = {686018E3-F652-400C-B99E-F6D6884C6750}
		{9777D6D7-3D9C-42E1-836C-11FDEC406F15} = {F48D4166-CD76-4070-B824-71E23A66B11C}
		{278E24C8-7EF5-4CF0-B651-43FCDEB3FBBD} = {8F3FCC45-CC24-413F-9988-CAC3867D24D9}
	EndGlobalSection
	GlobalSection(ExtensibilityGlobals) = postSolution
		SolutionGuid = {49206885-F893-4EF1-8B21-B5BEFC84C294}
	EndGlobalSection
EndGlobal
